// !$*UTF8*$!
{
	archiveVersion = 1;
	classes = {
	};
	objectVersion = 48;
	objects = {

/* Begin PBXBuildFile section */
		B21B67B71F41BDB40056E3A2 /* coin.scn in Resources */ = {isa = PBXBuildFile; fileRef = B21B67B61F41BDB40056E3A2 /* coin.scn */; };
		B21CF4D01F412A36002B3649 /* scene.scn in Resources */ = {isa = PBXBuildFile; fileRef = B21CF4CF1F412A36002B3649 /* scene.scn */; };
		B2562CB91F41255A00229090 /* AppDelegate.swift in Sources */ = {isa = PBXBuildFile; fileRef = B2562CB21F41255A00229090 /* AppDelegate.swift */; };
		B2562CBA1F41255A00229090 /* Assets.xcassets in Resources */ = {isa = PBXBuildFile; fileRef = B2562CB31F41255A00229090 /* Assets.xcassets */; };
		B2562CBB1F41255A00229090 /* FlickGestureRecognizer.swift in Sources */ = {isa = PBXBuildFile; fileRef = B2562CB41F41255A00229090 /* FlickGestureRecognizer.swift */; };
		B2562CBC1F41255A00229090 /* Info.plist in Resources */ = {isa = PBXBuildFile; fileRef = B2562CB51F41255A00229090 /* Info.plist */; };
		B2562CBD1F41255A00229090 /* Launch Screen.storyboard in Resources */ = {isa = PBXBuildFile; fileRef = B2562CB61F41255A00229090 /* Launch Screen.storyboard */; };
		B2562CBE1F41255A00229090 /* Main.storyboard in Resources */ = {isa = PBXBuildFile; fileRef = B2562CB71F41255A00229090 /* Main.storyboard */; };
		B2562CBF1F41255A00229090 /* ViewController.swift in Sources */ = {isa = PBXBuildFile; fileRef = B2562CB81F41255A00229090 /* ViewController.swift */; };
/* End PBXBuildFile section */

/* Begin PBXFileReference section */
		B21B67B61F41BDB40056E3A2 /* coin.scn */ = {isa = PBXFileReference; lastKnownFileType = file.bplist; path = coin.scn; sourceTree = "<group>"; };
		B21CF4CF1F412A36002B3649 /* scene.scn */ = {isa = PBXFileReference; lastKnownFileType = file.bplist; path = scene.scn; sourceTree = "<group>"; };
		B2562CB21F41255A00229090 /* AppDelegate.swift */ = {isa = PBXFileReference; fileEncoding = 4; lastKnownFileType = sourcecode.swift; path = AppDelegate.swift; sourceTree = "<group>"; };
		B2562CB31F41255A00229090 /* Assets.xcassets */ = {isa = PBXFileReference; lastKnownFileType = folder.assetcatalog; path = Assets.xcassets; sourceTree = "<group>"; };
		B2562CB41F41255A00229090 /* FlickGestureRecognizer.swift */ = {isa = PBXFileReference; fileEncoding = 4; lastKnownFileType = sourcecode.swift; path = FlickGestureRecognizer.swift; sourceTree = "<group>"; };
		B2562CB51F41255A00229090 /* Info.plist */ = {isa = PBXFileReference; fileEncoding = 4; lastKnownFileType = text.plist.xml; path = Info.plist; sourceTree = "<group>"; };
		B2562CB61F41255A00229090 /* Launch Screen.storyboard */ = {isa = PBXFileReference; fileEncoding = 4; lastKnownFileType = file.storyboard; path = "Launch Screen.storyboard"; sourceTree = "<group>"; };
		B2562CB71F41255A00229090 /* Main.storyboard */ = {isa = PBXFileReference; fileEncoding = 4; lastKnownFileType = file.storyboard; path = Main.storyboard; sourceTree = "<group>"; };
		B2562CB81F41255A00229090 /* ViewController.swift */ = {isa = PBXFileReference; fileEncoding = 4; lastKnownFileType = sourcecode.swift; path = ViewController.swift; sourceTree = "<group>"; };
		B2C36CB31F41187C00A1A7CA /* Flick.app */ = {isa = PBXFileReference; explicitFileType = wrapper.application; includeInIndex = 0; path = Flick.app; sourceTree = BUILT_PRODUCTS_DIR; };
/* End PBXFileReference section */

/* Begin PBXFrameworksBuildPhase section */
		B2C36CB01F41187C00A1A7CA /* Frameworks */ = {
			isa = PBXFrameworksBuildPhase;
			buildActionMask = 2147483647;
			files = (
			);
			runOnlyForDeploymentPostprocessing = 0;
		};
/* End PBXFrameworksBuildPhase section */

/* Begin PBXGroup section */
		B2562CB11F41255A00229090 /* Flick */ = {
			isa = PBXGroup;
			children = (
				B2562CB21F41255A00229090 /* AppDelegate.swift */,
				B2562CB81F41255A00229090 /* ViewController.swift */,
				B2562CB41F41255A00229090 /* FlickGestureRecognizer.swift */,
				B2562CB31F41255A00229090 /* Assets.xcassets */,
				B2562CB51F41255A00229090 /* Info.plist */,
				B2562CB61F41255A00229090 /* Launch Screen.storyboard */,
				B2562CB71F41255A00229090 /* Main.storyboard */,
				B21CF4CF1F412A36002B3649 /* scene.scn */,
				B21B67B61F41BDB40056E3A2 /* coin.scn */,
			);
			path = Flick;
			sourceTree = "<group>";
		};
		B2C36CAA1F41187B00A1A7CA = {
			isa = PBXGroup;
			children = (
				B2562CB11F41255A00229090 /* Flick */,
				B2C36CB41F41187C00A1A7CA /* Products */,
			);
			sourceTree = "<group>";
		};
		B2C36CB41F41187C00A1A7CA /* Products */ = {
			isa = PBXGroup;
			children = (
				B2C36CB31F41187C00A1A7CA /* Flick.app */,
			);
			name = Products;
			sourceTree = "<group>";
		};
/* End PBXGroup section */

/* Begin PBXNativeTarget section */
		B2C36CB21F41187C00A1A7CA /* Flick */ = {
			isa = PBXNativeTarget;
			buildConfigurationList = B2C36CC51F41187C00A1A7CA /* Build configuration list for PBXNativeTarget "Flick" */;
			buildPhases = (
				B2C36CAF1F41187C00A1A7CA /* Sources */,
				B2C36CB01F41187C00A1A7CA /* Frameworks */,
				B2C36CB11F41187C00A1A7CA /* Resources */,
			);
			buildRules = (
			);
			dependencies = (
			);
			name = Flick;
			productName = SwipeKit;
			productReference = B2C36CB31F41187C00A1A7CA /* Flick.app */;
			productType = "com.apple.product-type.application";
		};
/* End PBXNativeTarget section */

/* Begin PBXProject section */
		B2C36CAB1F41187B00A1A7CA /* Project object */ = {
			isa = PBXProject;
			attributes = {
				LastSwiftUpdateCheck = 0900;
				LastUpgradeCheck = 0900;
				ORGANIZATIONNAME = cemolcay;
				TargetAttributes = {
					B2C36CB21F41187C00A1A7CA = {
						CreatedOnToolsVersion = 9.0;
					};
				};
			};
			buildConfigurationList = B2C36CAE1F41187B00A1A7CA /* Build configuration list for PBXProject "Flick" */;
			compatibilityVersion = "Xcode 8.0";
			developmentRegion = en;
			hasScannedForEncodings = 0;
			knownRegions = (
				en,
				Base,
			);
			mainGroup = B2C36CAA1F41187B00A1A7CA;
			productRefGroup = B2C36CB41F41187C00A1A7CA /* Products */;
			projectDirPath = "";
			projectRoot = "";
			targets = (
				B2C36CB21F41187C00A1A7CA /* Flick */,
			);
		};
/* End PBXProject section */

/* Begin PBXResourcesBuildPhase section */
		B2C36CB11F41187C00A1A7CA /* Resources */ = {
			isa = PBXResourcesBuildPhase;
			buildActionMask = 2147483647;
			files = (
				B2562CBD1F41255A00229090 /* Launch Screen.storyboard in Resources */,
				B2562CBC1F41255A00229090 /* Info.plist in Resources */,
				B2562CBA1F41255A00229090 /* Assets.xcassets in Resources */,
				B21CF4D01F412A36002B3649 /* scene.scn in Resources */,
				B2562CBE1F41255A00229090 /* Main.storyboard in Resources */,
				B21B67B71F41BDB40056E3A2 /* coin.scn in Resources */,
			);
			runOnlyForDeploymentPostprocessing = 0;
		};
/* End PBXResourcesBuildPhase section */

/* Begin PBXSourcesBuildPhase section */
		B2C36CAF1F41187C00A1A7CA /* Sources */ = {
			isa = PBXSourcesBuildPhase;
			buildActionMask = 2147483647;
			files = (
				B2562CBF1F41255A00229090 /* ViewController.swift in Sources */,
				B2562CB91F41255A00229090 /* AppDelegate.swift in Sources */,
				B2562CBB1F41255A00229090 /* FlickGestureRecognizer.swift in Sources */,
			);
			runOnlyForDeploymentPostprocessing = 0;
		};
/* End PBXSourcesBuildPhase section */

/* Begin XCBuildConfiguration section */
		B2C36CC31F41187C00A1A7CA /* Debug */ = {
			isa = XCBuildConfiguration;
			buildSettings = {
				ALWAYS_SEARCH_USER_PATHS = NO;
				CLANG_ANALYZER_NONNULL = YES;
				CLANG_ANALYZER_NUMBER_OBJECT_CONVERSION = YES_AGGRESSIVE;
				CLANG_CXX_LANGUAGE_STANDARD = "gnu++14";
				CLANG_CXX_LIBRARY = "libc++";
				CLANG_ENABLE_MODULES = YES;
				CLANG_ENABLE_OBJC_ARC = YES;
				CLANG_WARN_BLOCK_CAPTURE_AUTORELEASING = YES;
				CLANG_WARN_BOOL_CONVERSION = YES;
				CLANG_WARN_COMMA = YES;
				CLANG_WARN_CONSTANT_CONVERSION = YES;
				CLANG_WARN_DIRECT_OBJC_ISA_USAGE = YES_ERROR;
				CLANG_WARN_DOCUMENTATION_COMMENTS = YES;
				CLANG_WARN_EMPTY_BODY = YES;
				CLANG_WARN_ENUM_CONVERSION = YES;
				CLANG_WARN_INFINITE_RECURSION = YES;
				CLANG_WARN_INT_CONVERSION = YES;
				CLANG_WARN_NON_LITERAL_NULL_CONVERSION = YES;
				CLANG_WARN_OBJC_LITERAL_CONVERSION = YES;
				CLANG_WARN_OBJC_ROOT_CLASS = YES_ERROR;
				CLANG_WARN_RANGE_LOOP_ANALYSIS = YES;
				CLANG_WARN_STRICT_PROTOTYPES = YES;
				CLANG_WARN_SUSPICIOUS_MOVE = YES;
				CLANG_WARN_UNGUARDED_AVAILABILITY = YES_AGGRESSIVE;
				CLANG_WARN_UNREACHABLE_CODE = YES;
				CLANG_WARN__DUPLICATE_METHOD_MATCH = YES;
				CODE_SIGN_IDENTITY = "iPhone Developer";
				COPY_PHASE_STRIP = NO;
				DEBUG_INFORMATION_FORMAT = dwarf;
				ENABLE_STRICT_OBJC_MSGSEND = YES;
				ENABLE_TESTABILITY = YES;
				GCC_C_LANGUAGE_STANDARD = gnu11;
				GCC_DYNAMIC_NO_PIC = NO;
				GCC_NO_COMMON_BLOCKS = YES;
				GCC_OPTIMIZATION_LEVEL = 0;
				GCC_PREPROCESSOR_DEFINITIONS = (
					"DEBUG=1",
					"$(inherited)",
				);
				GCC_WARN_64_TO_32_BIT_CONVERSION = YES;
				GCC_WARN_ABOUT_RETURN_TYPE = YES_ERROR;
				GCC_WARN_UNDECLARED_SELECTOR = YES;
				GCC_WARN_UNINITIALIZED_AUTOS = YES_AGGRESSIVE;
				GCC_WARN_UNUSED_FUNCTION = YES;
				GCC_WARN_UNUSED_VARIABLE = YES;
				IPHONEOS_DEPLOYMENT_TARGET = 8.0;
				MTL_ENABLE_DEBUG_INFO = YES;
				ONLY_ACTIVE_ARCH = YES;
				SDKROOT = iphoneos;
				SWIFT_ACTIVE_COMPILATION_CONDITIONS = DEBUG;
				SWIFT_OPTIMIZATION_LEVEL = "-Onone";
			};
			name = Debug;
		};
		B2C36CC41F41187C00A1A7CA /* Release */ = {
			isa = XCBuildConfiguration;
			buildSettings = {
				ALWAYS_SEARCH_USER_PATHS = NO;
				CLANG_ANALYZER_NONNULL = YES;
				CLANG_ANALYZER_NUMBER_OBJECT_CONVERSION = YES_AGGRESSIVE;
				CLANG_CXX_LANGUAGE_STANDARD = "gnu++14";
				CLANG_CXX_LIBRARY = "libc++";
				CLANG_ENABLE_MODULES = YES;
				CLANG_ENABLE_OBJC_ARC = YES;
				CLANG_WARN_BLOCK_CAPTURE_AUTORELEASING = YES;
				CLANG_WARN_BOOL_CONVERSION = YES;
				CLANG_WARN_COMMA = YES;
				CLANG_WARN_CONSTANT_CONVERSION = YES;
				CLANG_WARN_DIRECT_OBJC_ISA_USAGE = YES_ERROR;
				CLANG_WARN_DOCUMENTATION_COMMENTS = YES;
				CLANG_WARN_EMPTY_BODY = YES;
				CLANG_WARN_ENUM_CONVERSION = YES;
				CLANG_WARN_INFINITE_RECURSION = YES;
				CLANG_WARN_INT_CONVERSION = YES;
				CLANG_WARN_NON_LITERAL_NULL_CONVERSION = YES;
				CLANG_WARN_OBJC_LITERAL_CONVERSION = YES;
				CLANG_WARN_OBJC_ROOT_CLASS = YES_ERROR;
				CLANG_WARN_RANGE_LOOP_ANALYSIS = YES;
				CLANG_WARN_STRICT_PROTOTYPES = YES;
				CLANG_WARN_SUSPICIOUS_MOVE = YES;
				CLANG_WARN_UNGUARDED_AVAILABILITY = YES_AGGRESSIVE;
				CLANG_WARN_UNREACHABLE_CODE = YES;
				CLANG_WARN__DUPLICATE_METHOD_MATCH = YES;
				CODE_SIGN_IDENTITY = "iPhone Developer";
				COPY_PHASE_STRIP = NO;
				DEBUG_INFORMATION_FORMAT = "dwarf-with-dsym";
				ENABLE_NS_ASSERTIONS = NO;
				ENABLE_STRICT_OBJC_MSGSEND = YES;
				GCC_C_LANGUAGE_STANDARD = gnu11;
				GCC_NO_COMMON_BLOCKS = YES;
				GCC_WARN_64_TO_32_BIT_CONVERSION = YES;
				GCC_WARN_ABOUT_RETURN_TYPE = YES_ERROR;
				GCC_WARN_UNDECLARED_SELECTOR = YES;
				GCC_WARN_UNINITIALIZED_AUTOS = YES_AGGRESSIVE;
				GCC_WARN_UNUSED_FUNCTION = YES;
				GCC_WARN_UNUSED_VARIABLE = YES;
				IPHONEOS_DEPLOYMENT_TARGET = 8.0;
				MTL_ENABLE_DEBUG_INFO = NO;
				SDKROOT = iphoneos;
				SWIFT_OPTIMIZATION_LEVEL = "-Owholemodule";
				VALIDATE_PRODUCT = YES;
			};
			name = Release;
		};
		B2C36CC61F41187C00A1A7CA /* Debug */ = {
			isa = XCBuildConfiguration;
			buildSettings = {
				ASSETCATALOG_COMPILER_APPICON_NAME = AppIcon;
				DEVELOPMENT_TEAM = 77Y3N48SNF;
				INFOPLIST_FILE = "$(SRCROOT)/Flick/Info.plist";
				IPHONEOS_DEPLOYMENT_TARGET = 8.0;
				LD_RUNPATH_SEARCH_PATHS = "$(inherited) @executable_path/Frameworks";
				PRODUCT_BUNDLE_IDENTIFIER = com.cemolcay.SwipeKit;
				PRODUCT_NAME = "$(TARGET_NAME)";
				SWIFT_VERSION = 3.0;
				TARGETED_DEVICE_FAMILY = "1,2";
			};
			name = Debug;
		};
		B2C36CC71F41187C00A1A7CA /* Release */ = {
			isa = XCBuildConfiguration;
			buildSettings = {
				ASSETCATALOG_COMPILER_APPICON_NAME = AppIcon;
				DEVELOPMENT_TEAM = 77Y3N48SNF;
				INFOPLIST_FILE = "$(SRCROOT)/Flick/Info.plist";
				IPHONEOS_DEPLOYMENT_TARGET = 8.0;
				LD_RUNPATH_SEARCH_PATHS = "$(inherited) @executable_path/Frameworks";
				PRODUCT_BUNDLE_IDENTIFIER = com.cemolcay.SwipeKit;
				PRODUCT_NAME = "$(TARGET_NAME)";
				SWIFT_VERSION = 3.0;
				TARGETED_DEVICE_FAMILY = "1,2";
			};
			name = Release;
		};
/* End XCBuildConfiguration section */

/* Begin XCConfigurationList section */
		B2C36CAE1F41187B00A1A7CA /* Build configuration list for PBXProject "Flick" */ = {
			isa = XCConfigurationList;
			buildConfigurations = (
				B2C36CC31F41187C00A1A7CA /* Debug */,
				B2C36CC41F41187C00A1A7CA /* Release */,
			);
			defaultConfigurationIsVisible = 0;
			defaultConfigurationName = Release;
		};
		B2C36CC51F41187C00A1A7CA /* Build configuration list for PBXNativeTarget "Flick" */ = {
			isa = XCConfigurationList;
			buildConfigurations = (
				B2C36CC61F41187C00A1A7CA /* Debug */,
				B2C36CC71F41187C00A1A7CA /* Release */,
			);
			defaultConfigurationIsVisible = 0;
			defaultConfigurationName = Release;
		};
/* End XCConfigurationList section */
	};
	rootObject = B2C36CAB1F41187B00A1A7CA /* Project object */;
}
